
Microsoft Visual Studio Solution File, Format Version 12.00
# Visual Studio Version 17
VisualStudioVersion = 17.8.34330.188
MinimumVisualStudioVersion = 10.0.40219.1
Project("{FAE04EC0-301F-11D3-BF4B-00C04F79EFBC}") = "LeetCode1", "LeetCode1.csproj", "{20012EDE-EC15-477A-9112-29F69111B643}"
EndProject
Global
	GlobalSection(SolutionConfigurationPlatforms) = preSolution
		Debug|Any CPU = Debug|Any CPU
		Release|Any CPU = Release|Any CPU
	EndGlobalSection
	GlobalSection(ProjectConfigurationPlatforms) = postSolution
		{20012EDE-EC15-477A-9112-29F69111B643}.Debug|Any CPU.ActiveCfg = Debug|Any CPU
		{20012EDE-EC15-477A-9112-29F69111B643}.Debug|Any CPU.Build.0 = Debug|Any CPU
		{20012EDE-EC15-477A-9112-29F69111B643}.Release|Any CPU.ActiveCfg = Release|Any CPU
		{20012EDE-EC15-477A-9112-29F69111B643}.Release|Any CPU.Build.0 = Release|Any CPU
	EndGlobalSection
	GlobalSection(SolutionProperties) = preSolution
		HideSolutionNode = FALSE
	EndGlobalSection
	GlobalSection(ExtensibilityGlobals) = postSolution
		SolutionGuid = {351B3944-1601-4D76-9A50-FCFA2E25F7EE}
	EndGlobalSection
EndGlobal
